// !$*UTF8*$!
{
	archiveVersion = 1;
	classes = {
	};
	objectVersion = 50;
	objects = {

/* Begin PBXBuildFile section */
		EBCA6DC825E5F052000D751D /* AppDelegate.swift in Sources */ = {isa = PBXBuildFile; fileRef = EBCA6DC725E5F052000D751D /* AppDelegate.swift */; };
		EBCA6DCA25E5F052000D751D /* SceneDelegate.swift in Sources */ = {isa = PBXBuildFile; fileRef = EBCA6DC925E5F052000D751D /* SceneDelegate.swift */; };
		EBCA6DCC25E5F052000D751D /* ContentView.swift in Sources */ = {isa = PBXBuildFile; fileRef = EBCA6DCB25E5F052000D751D /* ContentView.swift */; };
		EBCA6DCE25E5F053000D751D /* Assets.xcassets in Resources */ = {isa = PBXBuildFile; fileRef = EBCA6DCD25E5F053000D751D /* Assets.xcassets */; };
		EBCA6DD125E5F053000D751D /* Preview Assets.xcassets in Resources */ = {isa = PBXBuildFile; fileRef = EBCA6DD025E5F053000D751D /* Preview Assets.xcassets */; };
		EBCA6DD425E5F053000D751D /* LaunchScreen.storyboard in Resources */ = {isa = PBXBuildFile; fileRef = EBCA6DD225E5F053000D751D /* LaunchScreen.storyboard */; };
/* End PBXBuildFile section */

/* Begin PBXFileReference section */
		EBCA6DC425E5F052000D751D /* JanKenPon.app */ = {isa = PBXFileReference; explicitFileType = wrapper.application; includeInIndex = 0; path = JanKenPon.app; sourceTree = BUILT_PRODUCTS_DIR; };
		EBCA6DC725E5F052000D751D /* AppDelegate.swift */ = {isa = PBXFileReference; lastKnownFileType = sourcecode.swift; path = AppDelegate.swift; sourceTree = "<group>"; };
		EBCA6DC925E5F052000D751D /* SceneDelegate.swift */ = {isa = PBXFileReference; lastKnownFileType = sourcecode.swift; path = SceneDelegate.swift; sourceTree = "<group>"; };
		EBCA6DCB25E5F052000D751D /* ContentView.swift */ = {isa = PBXFileReference; lastKnownFileType = sourcecode.swift; path = ContentView.swift; sourceTree = "<group>"; };
		EBCA6DCD25E5F053000D751D /* Assets.xcassets */ = {isa = PBXFileReference; lastKnownFileType = folder.assetcatalog; path = Assets.xcassets; sourceTree = "<group>"; };
		EBCA6DD025E5F053000D751D /* Preview Assets.xcassets */ = {isa = PBXFileReference; lastKnownFileType = folder.assetcatalog; path = "Preview Assets.xcassets"; sourceTree = "<group>"; };
		EBCA6DD325E5F053000D751D /* Base */ = {isa = PBXFileReference; lastKnownFileType = file.storyboard; name = Base; path = Base.lproj/LaunchScreen.storyboard; sourceTree = "<group>"; };
		EBCA6DD525E5F053000D751D /* Info.plist */ = {isa = PBXFileReference; lastKnownFileType = text.plist.xml; path = Info.plist; sourceTree = "<group>"; };
/* End PBXFileReference section */

/* Begin PBXFrameworksBuildPhase section */
		EBCA6DC125E5F052000D751D /* Frameworks */ = {
			isa = PBXFrameworksBuildPhase;
			buildActionMask = 2147483647;
			files = (
			);
			runOnlyForDeploymentPostprocessing = 0;
		};
/* End PBXFrameworksBuildPhase section */

/* Begin PBXGroup section */
		EBCA6DBB25E5F052000D751D = {
			isa = PBXGroup;
			children = (
				EBCA6DC625E5F052000D751D /* JanKenPon */,
				EBCA6DC525E5F052000D751D /* Products */,
			);
			sourceTree = "<group>";
		};
		EBCA6DC525E5F052000D751D /* Products */ = {
			isa = PBXGroup;
			children = (
				EBCA6DC425E5F052000D751D /* JanKenPon.app */,
			);
			name = Products;
			sourceTree = "<group>";
		};
		EBCA6DC625E5F052000D751D /* JanKenPon */ = {
			isa = PBXGroup;
			children = (
				EBCA6DC725E5F052000D751D /* AppDelegate.swift */,
				EBCA6DC925E5F052000D751D /* SceneDelegate.swift */,
				EBCA6DCB25E5F052000D751D /* ContentView.swift */,
				EBCA6DCD25E5F053000D751D /* Assets.xcassets */,
				EBCA6DD225E5F053000D751D /* LaunchScreen.storyboard */,
				EBCA6DD525E5F053000D751D /* Info.plist */,
				EBCA6DCF25E5F053000D751D /* Preview Content */,
			);
			path = JanKenPon;
			sourceTree = "<group>";
		};
		EBCA6DCF25E5F053000D751D /* Preview Content */ = {
			isa = PBXGroup;
			children = (
				EBCA6DD025E5F053000D751D /* Preview Assets.xcassets */,
			);
			path = "Preview Content";
			sourceTree = "<group>";
		};
/* End PBXGroup section */

/* Begin PBXNativeTarget section */
		EBCA6DC325E5F052000D751D /* JanKenPon */ = {
			isa = PBXNativeTarget;
			buildConfigurationList = EBCA6DD825E5F053000D751D /* Build configuration list for PBXNativeTarget "JanKenPon" */;
			buildPhases = (
				EBCA6DC025E5F052000D751D /* Sources */,
				EBCA6DC125E5F052000D751D /* Frameworks */,
				EBCA6DC225E5F052000D751D /* Resources */,
			);
			buildRules = (
			);
			dependencies = (
			);
			name = JanKenPon;
			productName = JanKenPon;
			productReference = EBCA6DC425E5F052000D751D /* JanKenPon.app */;
			productType = "com.apple.product-type.application";
		};
/* End PBXNativeTarget section */

/* Begin PBXProject section */
		EBCA6DBC25E5F052000D751D /* Project object */ = {
			isa = PBXProject;
			attributes = {
				LastSwiftUpdateCheck = 1240;
				LastUpgradeCheck = 1240;
				TargetAttributes = {
					EBCA6DC325E5F052000D751D = {
						CreatedOnToolsVersion = 12.4;
					};
				};
			};
			buildConfigurationList = EBCA6DBF25E5F052000D751D /* Build configuration list for PBXProject "JanKenPon" */;
			compatibilityVersion = "Xcode 9.3";
			developmentRegion = en;
			hasScannedForEncodings = 0;
			knownRegions = (
				en,
				Base,
			);
			mainGroup = EBCA6DBB25E5F052000D751D;
			productRefGroup = EBCA6DC525E5F052000D751D /* Products */;
			projectDirPath = "";
			projectRoot = "";
			targets = (
				EBCA6DC325E5F052000D751D /* JanKenPon */,
			);
		};
/* End PBXProject section */

/* Begin PBXResourcesBuildPhase section */
		EBCA6DC225E5F052000D751D /* Resources */ = {
			isa = PBXResourcesBuildPhase;
			buildActionMask = 2147483647;
			files = (
				EBCA6DD425E5F053000D751D /* LaunchScreen.storyboard in Resources */,
				EBCA6DD125E5F053000D751D /* Preview Assets.xcassets in Resources */,
				EBCA6DCE25E5F053000D751D /* Assets.xcassets in Resources */,
			);
			runOnlyForDeploymentPostprocessing = 0;
		};
/* End PBXResourcesBuildPhase section */

/* Begin PBXSourcesBuildPhase section */
		EBCA6DC025E5F052000D751D /* Sources */ = {
			isa = PBXSourcesBuildPhase;
			buildActionMask = 2147483647;
			files = (
				EBCA6DC825E5F052000D751D /* AppDelegate.swift in Sources */,
				EBCA6DCA25E5F052000D751D /* SceneDelegate.swift in Sources */,
				EBCA6DCC25E5F052000D751D /* ContentView.swift in Sources */,
			);
			runOnlyForDeploymentPostprocessing = 0;
		};
/* End PBXSourcesBuildPhase section */

/* Begin PBXVariantGroup section */
		EBCA6DD225E5F053000D751D /* LaunchScreen.storyboard */ = {
			isa = PBXVariantGroup;
			children = (
				EBCA6DD325E5F053000D751D /* Base */,
			);
			name = LaunchScreen.storyboard;
			sourceTree = "<group>";
		};
/* End PBXVariantGroup section */

/* Begin XCBuildConfiguration section */
		EBCA6DD625E5F053000D751D /* Debug */ = {
			isa = XCBuildConfiguration;
			buildSettings = {
				ALWAYS_SEARCH_USER_PATHS = NO;
				CLANG_ANALYZER_NONNULL = YES;
				CLANG_ANALYZER_NUMBER_OBJECT_CONVERSION = YES_AGGRESSIVE;
				CLANG_CXX_LANGUAGE_STANDARD = "gnu++14";
				CLANG_CXX_LIBRARY = "libc++";
				CLANG_ENABLE_MODULES = YES;
				CLANG_ENABLE_OBJC_ARC = YES;
				CLANG_ENABLE_OBJC_WEAK = YES;
				CLANG_WARN_BLOCK_CAPTURE_AUTORELEASING = YES;
				CLANG_WARN_BOOL_CONVERSION = YES;
				CLANG_WARN_COMMA = YES;
				CLANG_WARN_CONSTANT_CONVERSION = YES;
				CLANG_WARN_DEPRECATED_OBJC_IMPLEMENTATIONS = YES;
				CLANG_WARN_DIRECT_OBJC_ISA_USAGE = YES_ERROR;
				CLANG_WARN_DOCUMENTATION_COMMENTS = YES;
				CLANG_WARN_EMPTY_BODY = YES;
				CLANG_WARN_ENUM_CONVERSION = YES;
				CLANG_WARN_INFINITE_RECURSION = YES;
				CLANG_WARN_INT_CONVERSION = YES;
				CLANG_WARN_NON_LITERAL_NULL_CONVERSION = YES;
				CLANG_WARN_OBJC_IMPLICIT_RETAIN_SELF = YES;
				CLANG_WARN_OBJC_LITERAL_CONVERSION = YES;
				CLANG_WARN_OBJC_ROOT_CLASS = YES_ERROR;
				CLANG_WARN_QUOTED_INCLUDE_IN_FRAMEWORK_HEADER = YES;
				CLANG_WARN_RANGE_LOOP_ANALYSIS = YES;
				CLANG_WARN_STRICT_PROTOTYPES = YES;
				CLANG_WARN_SUSPICIOUS_MOVE = YES;
				CLANG_WARN_UNGUARDED_AVAILABILITY = YES_AGGRESSIVE;
				CLANG_WARN_UNREACHABLE_CODE = YES;
				CLANG_WARN__DUPLICATE_METHOD_MATCH = YES;
				COPY_PHASE_STRIP = NO;
				DEBUG_INFORMATION_FORMAT = dwarf;
				ENABLE_STRICT_OBJC_MSGSEND = YES;
				ENABLE_TESTABILITY = YES;
				GCC_C_LANGUAGE_STANDARD = gnu11;
				GCC_DYNAMIC_NO_PIC = NO;
				GCC_NO_COMMON_BLOCKS = YES;
				GCC_OPTIMIZATION_LEVEL = 0;
				GCC_PREPROCESSOR_DEFINITIONS = (
					"DEBUG=1",
					"$(inherited)",
				);
				GCC_WARN_64_TO_32_BIT_CONVERSION = YES;
				GCC_WARN_ABOUT_RETURN_TYPE = YES_ERROR;
				GCC_WARN_UNDECLARED_SELECTOR = YES;
				GCC_WARN_UNINITIALIZED_AUTOS = YES_AGGRESSIVE;
				GCC_WARN_UNUSED_FUNCTION = YES;
				GCC_WARN_UNUSED_VARIABLE = YES;
				IPHONEOS_DEPLOYMENT_TARGET = 14.4;
				MTL_ENABLE_DEBUG_INFO = INCLUDE_SOURCE;
				MTL_FAST_MATH = YES;
				ONLY_ACTIVE_ARCH = YES;
				SDKROOT = iphoneos;
				SWIFT_ACTIVE_COMPILATION_CONDITIONS = DEBUG;
				SWIFT_OPTIMIZATION_LEVEL = "-Onone";
			};
			name = Debug;
		};
		EBCA6DD725E5F053000D751D /* Release */ = {
			isa = XCBuildConfiguration;
			buildSettings = {
				ALWAYS_SEARCH_USER_PATHS = NO;
				CLANG_ANALYZER_NONNULL = YES;
				CLANG_ANALYZER_NUMBER_OBJECT_CONVERSION = YES_AGGRESSIVE;
				CLANG_CXX_LANGUAGE_STANDARD = "gnu++14";
				CLANG_CXX_LIBRARY = "libc++";
				CLANG_ENABLE_MODULES = YES;
				CLANG_ENABLE_OBJC_ARC = YES;
				CLANG_ENABLE_OBJC_WEAK = YES;
				CLANG_WARN_BLOCK_CAPTURE_AUTORELEASING = YES;
				CLANG_WARN_BOOL_CONVERSION = YES;
				CLANG_WARN_COMMA = YES;
				CLANG_WARN_CONSTANT_CONVERSION = YES;
				CLANG_WARN_DEPRECATED_OBJC_IMPLEMENTATIONS = YES;
				CLANG_WARN_DIRECT_OBJC_ISA_USAGE = YES_ERROR;
				CLANG_WARN_DOCUMENTATION_COMMENTS = YES;
				CLANG_WARN_EMPTY_BODY = YES;
				CLANG_WARN_ENUM_CONVERSION = YES;
				CLANG_WARN_INFINITE_RECURSION = YES;
				CLANG_WARN_INT_CONVERSION = YES;
				CLANG_WARN_NON_LITERAL_NULL_CONVERSION = YES;
				CLANG_WARN_OBJC_IMPLICIT_RETAIN_SELF = YES;
				CLANG_WARN_OBJC_LITERAL_CONVERSION = YES;
				CLANG_WARN_OBJC_ROOT_CLASS = YES_ERROR;
				CLANG_WARN_QUOTED_INCLUDE_IN_FRAMEWORK_HEADER = YES;
				CLANG_WARN_RANGE_LOOP_ANALYSIS = YES;
				CLANG_WARN_STRICT_PROTOTYPES = YES;
				CLANG_WARN_SUSPICIOUS_MOVE = YES;
				CLANG_WARN_UNGUARDED_AVAILABILITY = YES_AGGRESSIVE;
				CLANG_WARN_UNREACHABLE_CODE = YES;
				CLANG_WARN__DUPLICATE_METHOD_MATCH = YES;
				COPY_PHASE_STRIP = NO;
				DEBUG_INFORMATION_FORMAT = "dwarf-with-dsym";
				ENABLE_NS_ASSERTIONS = NO;
				ENABLE_STRICT_OBJC_MSGSEND = YES;
				GCC_C_LANGUAGE_STANDARD = gnu11;
				GCC_NO_COMMON_BLOCKS = YES;
				GCC_WARN_64_TO_32_BIT_CONVERSION = YES;
				GCC_WARN_ABOUT_RETURN_TYPE = YES_ERROR;
				GCC_WARN_UNDECLARED_SELECTOR = YES;
				GCC_WARN_UNINITIALIZED_AUTOS = YES_AGGRESSIVE;
				GCC_WARN_UNUSED_FUNCTION = YES;
				GCC_WARN_UNUSED_VARIABLE = YES;
				IPHONEOS_DEPLOYMENT_TARGET = 14.4;
				MTL_ENABLE_DEBUG_INFO = NO;
				MTL_FAST_MATH = YES;
				SDKROOT = iphoneos;
				SWIFT_COMPILATION_MODE = wholemodule;
				SWIFT_OPTIMIZATION_LEVEL = "-O";
				VALIDATE_PRODUCT = YES;
			};
			name = Release;
		};
		EBCA6DD925E5F053000D751D /* Debug */ = {
			isa = XCBuildConfiguration;
			buildSettings = {
				ASSETCATALOG_COMPILER_APPICON_NAME = AppIcon;
				ASSETCATALOG_COMPILER_GLOBAL_ACCENT_COLOR_NAME = AccentColor;
				CODE_SIGN_STYLE = Automatic;
				DEVELOPMENT_ASSET_PATHS = "\"JanKenPon/Preview Content\"";
				DEVELOPMENT_TEAM = VG68TYQ5GK;
				ENABLE_PREVIEWS = YES;
				INFOPLIST_FILE = JanKenPon/Info.plist;
				LD_RUNPATH_SEARCH_PATHS = (
					"$(inherited)",
					"@executable_path/Frameworks",
				);
				PRODUCT_BUNDLE_IDENTIFIER = com.ghostlabz.JanKenPon;
				PRODUCT_NAME = "$(TARGET_NAME)";
				SWIFT_VERSION = 5.0;
				TARGETED_DEVICE_FAMILY = "1,2";
			};
			name = Debug;
		};
		EBCA6DDA25E5F053000D751D /* Release */ = {
			isa = XCBuildConfiguration;
			buildSettings = {
				ASSETCATALOG_COMPILER_APPICON_NAME = AppIcon;
				ASSETCATALOG_COMPILER_GLOBAL_ACCENT_COLOR_NAME = AccentColor;
				CODE_SIGN_STYLE = Automatic;
				DEVELOPMENT_ASSET_PATHS = "\"JanKenPon/Preview Content\"";
				DEVELOPMENT_TEAM = VG68TYQ5GK;
				ENABLE_PREVIEWS = YES;
				INFOPLIST_FILE = JanKenPon/Info.plist;
				LD_RUNPATH_SEARCH_PATHS = (
					"$(inherited)",
					"@executable_path/Frameworks",
				);
				PRODUCT_BUNDLE_IDENTIFIER = com.ghostlabz.JanKenPon;
				PRODUCT_NAME = "$(TARGET_NAME)";
				SWIFT_VERSION = 5.0;
				TARGETED_DEVICE_FAMILY = "1,2";
			};
			name = Release;
		};
/* End XCBuildConfiguration section */

/* Begin XCConfigurationList section */
		EBCA6DBF25E5F052000D751D /* Build configuration list for PBXProject "JanKenPon" */ = {
			isa = XCConfigurationList;
			buildConfigurations = (
				EBCA6DD625E5F053000D751D /* Debug */,
				EBCA6DD725E5F053000D751D /* Release */,
			);
			defaultConfigurationIsVisible = 0;
			defaultConfigurationName = Release;
		};
		EBCA6DD825E5F053000D751D /* Build configuration list for PBXNativeTarget "JanKenPon" */ = {
			isa = XCConfigurationList;
			buildConfigurations = (
				EBCA6DD925E5F053000D751D /* Debug */,
				EBCA6DDA25E5F053000D751D /* Release */,
			);
			defaultConfigurationIsVisible = 0;
			defaultConfigurationName = Release;
		};
/* End XCConfigurationList section */
	};
	rootObject = EBCA6DBC25E5F052000D751D /* Project object */;
}
